
Microsoft Visual Studio Solution File, Format Version 12.00
# Visual Studio Version 17
VisualStudioVersion = 17.2.32516.85
MinimumVisualStudioVersion = 10.0.40219.1
Project("{FAE04EC0-301F-11D3-BF4B-00C04F79EFBC}") = "LeaveManagement.Web", "LeaveManagement.Web\LeaveManagement.Web.csproj", "{97066AA9-9E32-4E2E-87B0-1589516A0FD2}"
EndProject
Global
	GlobalSection(SolutionConfigurationPlatforms) = preSolution
		Debug|Any CPU = Debug|Any CPU
		Release|Any CPU = Release|Any CPU
	EndGlobalSection
	GlobalSection(ProjectConfigurationPlatforms) = postSolution
		{97066AA9-9E32-4E2E-87B0-1589516A0FD2}.Debug|Any CPU.ActiveCfg = Debug|Any CPU
		{97066AA9-9E32-4E2E-87B0-1589516A0FD2}.Debug|Any CPU.Build.0 = Debug|Any CPU
		{97066AA9-9E32-4E2E-87B0-1589516A0FD2}.Release|Any CPU.ActiveCfg = Release|Any CPU
		{97066AA9-9E32-4E2E-87B0-1589516A0FD2}.Release|Any CPU.Build.0 = Release|Any CPU
	EndGlobalSection
	GlobalSection(SolutionProperties) = preSolution
		HideSolutionNode = FALSE
	EndGlobalSection
	GlobalSection(ExtensibilityGlobals) = postSolution
		SolutionGuid = {8E9BEDAF-CC81-4764-A612-9E4C28F665F7}
	EndGlobalSection
EndGlobal
